PODS:
  - Alamofire (5.4.3)
  - OrbaOneSdk (0.0.3):
    - Alamofire (~> 5.4)

DEPENDENCIES:
  - OrbaOneSdk (= 0.0.3)

SPEC REPOS:
  trunk:
    - Alamofire
    - OrbaOneSdk

SPEC CHECKSUMS:
  Alamofire: e447a2774a40c996748296fa2c55112fdbbc42f9
  OrbaOneSdk: e49913631bc7b8eb0786653a017ab534856981a7

PODFILE CHECKSUM: c1a1e3fb3265bf4c00bf59bc4c423851a81d647c

COCOAPODS: 1.10.1
