PODS:
  - Alamofire (5.4.2)
  - OrbaOneSdk (0.0.2):
    - Alamofire (~> 5.4)

DEPENDENCIES:
  - OrbaOneSdk (from `https://github.com/luechenchris/orbaone-ios-sdk.git`)

SPEC REPOS:
  trunk:
    - Alamofire

EXTERNAL SOURCES:
  OrbaOneSdk:
    :git: https://github.com/luechenchris/orbaone-ios-sdk.git

CHECKOUT OPTIONS:
  OrbaOneSdk:
    :commit: 3d0288652be408a07e7e7cb2927172e6e7dcd9f3
    :git: https://github.com/luechenchris/orbaone-ios-sdk.git

SPEC CHECKSUMS:
  Alamofire: bfbc4c2fe5909b1d94fb4ef2277c6b3727ef5dae
  OrbaOneSdk: a5705b9b646bc24489c5d794867e847f00df5c7f

PODFILE CHECKSUM: caca75254967c091ce6e1b34c94b9e8ca3ecdb14

COCOAPODS: 1.10.1
