PODS:
  - Alamofire (5.4.3)
  - OrbaOneSdk (0.0.11):
    - Alamofire (~> 5.4)

DEPENDENCIES:
  - OrbaOneSdk (= 0.0.11)

SPEC REPOS:
  trunk:
    - Alamofire
    - OrbaOneSdk

SPEC CHECKSUMS:
  Alamofire: e447a2774a40c996748296fa2c55112fdbbc42f9
  OrbaOneSdk: 477d684d0270eabded61452401092bbb9df08c3e

PODFILE CHECKSUM: 76dcb4f045378919ce5ce493acbe4d124283e0f2

COCOAPODS: 1.10.1
