// !$*UTF8*$!
{
	archiveVersion = 1;
	classes = {
	};
	objectVersion = 51;
	objects = {

/* Begin PBXBuildFile section */
		A33A8C162613DA79008A24BD /* AppDelegate.swift in Sources */ = {isa = PBXBuildFile; fileRef = A33A8C152613DA79008A24BD /* AppDelegate.swift */; };
		A33A8C182613DA79008A24BD /* SceneDelegate.swift in Sources */ = {isa = PBXBuildFile; fileRef = A33A8C172613DA79008A24BD /* SceneDelegate.swift */; };
		A33A8C1A2613DA79008A24BD /* ViewController.swift in Sources */ = {isa = PBXBuildFile; fileRef = A33A8C192613DA79008A24BD /* ViewController.swift */; };
		A33A8C1D2613DA79008A24BD /* Main.storyboard in Resources */ = {isa = PBXBuildFile; fileRef = A33A8C1B2613DA79008A24BD /* Main.storyboard */; };
		A33A8C1F2613DA7A008A24BD /* Assets.xcassets in Resources */ = {isa = PBXBuildFile; fileRef = A33A8C1E2613DA7A008A24BD /* Assets.xcassets */; };
		A33A8C222613DA7A008A24BD /* LaunchScreen.storyboard in Resources */ = {isa = PBXBuildFile; fileRef = A33A8C202613DA7A008A24BD /* LaunchScreen.storyboard */; };
		B702883D2F43DB170453FAEB /* Pods_SampleApp.framework in Frameworks */ = {isa = PBXBuildFile; fileRef = 76773B7CD68D8FD0B3FD4361 /* Pods_SampleApp.framework */; };
/* End PBXBuildFile section */

/* Begin PBXFileReference section */
		76773B7CD68D8FD0B3FD4361 /* Pods_SampleApp.framework */ = {isa = PBXFileReference; explicitFileType = wrapper.framework; includeInIndex = 0; path = Pods_SampleApp.framework; sourceTree = BUILT_PRODUCTS_DIR; };
		A33A8C122613DA79008A24BD /* SampleApp.app */ = {isa = PBXFileReference; explicitFileType = wrapper.application; includeInIndex = 0; path = SampleApp.app; sourceTree = BUILT_PRODUCTS_DIR; };
		A33A8C152613DA79008A24BD /* AppDelegate.swift */ = {isa = PBXFileReference; lastKnownFileType = sourcecode.swift; path = AppDelegate.swift; sourceTree = "<group>"; };
		A33A8C172613DA79008A24BD /* SceneDelegate.swift */ = {isa = PBXFileReference; lastKnownFileType = sourcecode.swift; path = SceneDelegate.swift; sourceTree = "<group>"; };
		A33A8C192613DA79008A24BD /* ViewController.swift */ = {isa = PBXFileReference; lastKnownFileType = sourcecode.swift; path = ViewController.swift; sourceTree = "<group>"; };
		A33A8C1C2613DA79008A24BD /* Base */ = {isa = PBXFileReference; lastKnownFileType = file.storyboard; name = Base; path = Base.lproj/Main.storyboard; sourceTree = "<group>"; };
		A33A8C1E2613DA7A008A24BD /* Assets.xcassets */ = {isa = PBXFileReference; lastKnownFileType = folder.assetcatalog; path = Assets.xcassets; sourceTree = "<group>"; };
		A33A8C212613DA7A008A24BD /* Base */ = {isa = PBXFileReference; lastKnownFileType = file.storyboard; name = Base; path = Base.lproj/LaunchScreen.storyboard; sourceTree = "<group>"; };
		A33A8C232613DA7A008A24BD /* Info.plist */ = {isa = PBXFileReference; lastKnownFileType = text.plist.xml; path = Info.plist; sourceTree = "<group>"; };
		E29017276E9FA748C4CEBDD3 /* Pods-SampleApp.release.xcconfig */ = {isa = PBXFileReference; includeInIndex = 1; lastKnownFileType = text.xcconfig; name = "Pods-SampleApp.release.xcconfig"; path = "Target Support Files/Pods-SampleApp/Pods-SampleApp.release.xcconfig"; sourceTree = "<group>"; };
		E89DB6BA20F7EC6C61F51CB5 /* Pods-SampleApp.debug.xcconfig */ = {isa = PBXFileReference; includeInIndex = 1; lastKnownFileType = text.xcconfig; name = "Pods-SampleApp.debug.xcconfig"; path = "Target Support Files/Pods-SampleApp/Pods-SampleApp.debug.xcconfig"; sourceTree = "<group>"; };
/* End PBXFileReference section */

/* Begin PBXFrameworksBuildPhase section */
		A33A8C0F2613DA79008A24BD /* Frameworks */ = {
			isa = PBXFrameworksBuildPhase;
			buildActionMask = 2147483647;
			files = (
				B702883D2F43DB170453FAEB /* Pods_SampleApp.framework in Frameworks */,
			);
			runOnlyForDeploymentPostprocessing = 0;
		};
/* End PBXFrameworksBuildPhase section */

/* Begin PBXGroup section */
		75BD901AF936D2DFD128DC02 /* Pods */ = {
			isa = PBXGroup;
			children = (
				E89DB6BA20F7EC6C61F51CB5 /* Pods-SampleApp.debug.xcconfig */,
				E29017276E9FA748C4CEBDD3 /* Pods-SampleApp.release.xcconfig */,
			);
			path = Pods;
			sourceTree = "<group>";
		};
		A33A8C092613DA79008A24BD = {
			isa = PBXGroup;
			children = (
				A33A8C142613DA79008A24BD /* SampleApp */,
				A33A8C132613DA79008A24BD /* Products */,
				75BD901AF936D2DFD128DC02 /* Pods */,
				F72F43F91580465FE535761D /* Frameworks */,
			);
			sourceTree = "<group>";
		};
		A33A8C132613DA79008A24BD /* Products */ = {
			isa = PBXGroup;
			children = (
				A33A8C122613DA79008A24BD /* SampleApp.app */,
			);
			name = Products;
			sourceTree = "<group>";
		};
		A33A8C142613DA79008A24BD /* SampleApp */ = {
			isa = PBXGroup;
			children = (
				A33A8C152613DA79008A24BD /* AppDelegate.swift */,
				A33A8C172613DA79008A24BD /* SceneDelegate.swift */,
				A33A8C192613DA79008A24BD /* ViewController.swift */,
				A33A8C1B2613DA79008A24BD /* Main.storyboard */,
				A33A8C1E2613DA7A008A24BD /* Assets.xcassets */,
				A33A8C202613DA7A008A24BD /* LaunchScreen.storyboard */,
				A33A8C232613DA7A008A24BD /* Info.plist */,
			);
			path = SampleApp;
			sourceTree = "<group>";
		};
		F72F43F91580465FE535761D /* Frameworks */ = {
			isa = PBXGroup;
			children = (
				76773B7CD68D8FD0B3FD4361 /* Pods_SampleApp.framework */,
			);
			name = Frameworks;
			sourceTree = "<group>";
		};
/* End PBXGroup section */

/* Begin PBXNativeTarget section */
		A33A8C112613DA79008A24BD /* SampleApp */ = {
			isa = PBXNativeTarget;
			buildConfigurationList = A33A8C262613DA7A008A24BD /* Build configuration list for PBXNativeTarget "SampleApp" */;
			buildPhases = (
				516F45CAADD69FCC0507F157 /* [CP] Check Pods Manifest.lock */,
				A33A8C0E2613DA79008A24BD /* Sources */,
				A33A8C0F2613DA79008A24BD /* Frameworks */,
				A33A8C102613DA79008A24BD /* Resources */,
				AC0969F9F7808FF8CCF4E6EA /* [CP] Embed Pods Frameworks */,
			);
			buildRules = (
			);
			dependencies = (
			);
			name = SampleApp;
			productName = SampleApp;
			productReference = A33A8C122613DA79008A24BD /* SampleApp.app */;
			productType = "com.apple.product-type.application";
		};
/* End PBXNativeTarget section */

/* Begin PBXProject section */
		A33A8C0A2613DA79008A24BD /* Project object */ = {
			isa = PBXProject;
			attributes = {
				LastSwiftUpdateCheck = 1240;
				LastUpgradeCheck = 1240;
				TargetAttributes = {
					A33A8C112613DA79008A24BD = {
						CreatedOnToolsVersion = 12.4;
					};
				};
			};
			buildConfigurationList = A33A8C0D2613DA79008A24BD /* Build configuration list for PBXProject "SampleApp" */;
			compatibilityVersion = "Xcode 9.3";
			developmentRegion = en;
			hasScannedForEncodings = 0;
			knownRegions = (
				en,
				Base,
			);
			mainGroup = A33A8C092613DA79008A24BD;
			productRefGroup = A33A8C132613DA79008A24BD /* Products */;
			projectDirPath = "";
			projectRoot = "";
			targets = (
				A33A8C112613DA79008A24BD /* SampleApp */,
			);
		};
/* End PBXProject section */

/* Begin PBXResourcesBuildPhase section */
		A33A8C102613DA79008A24BD /* Resources */ = {
			isa = PBXResourcesBuildPhase;
			buildActionMask = 2147483647;
			files = (
				A33A8C222613DA7A008A24BD /* LaunchScreen.storyboard in Resources */,
				A33A8C1F2613DA7A008A24BD /* Assets.xcassets in Resources */,
				A33A8C1D2613DA79008A24BD /* Main.storyboard in Resources */,
			);
			runOnlyForDeploymentPostprocessing = 0;
		};
/* End PBXResourcesBuildPhase section */

/* Begin PBXShellScriptBuildPhase section */
		516F45CAADD69FCC0507F157 /* [CP] Check Pods Manifest.lock */ = {
			isa = PBXShellScriptBuildPhase;
			buildActionMask = 2147483647;
			files = (
			);
			inputFileListPaths = (
			);
			inputPaths = (
				"${PODS_PODFILE_DIR_PATH}/Podfile.lock",
				"${PODS_ROOT}/Manifest.lock",
			);
			name = "[CP] Check Pods Manifest.lock";
			outputFileListPaths = (
			);
			outputPaths = (
				"$(DERIVED_FILE_DIR)/Pods-SampleApp-checkManifestLockResult.txt",
			);
			runOnlyForDeploymentPostprocessing = 0;
			shellPath = /bin/sh;
			shellScript = "diff \"${PODS_PODFILE_DIR_PATH}/Podfile.lock\" \"${PODS_ROOT}/Manifest.lock\" > /dev/null\nif [ $? != 0 ] ; then\n    # print error to STDERR\n    echo \"error: The sandbox is not in sync with the Podfile.lock. Run 'pod install' or update your CocoaPods installation.\" >&2\n    exit 1\nfi\n# This output is used by Xcode 'outputs' to avoid re-running this script phase.\necho \"SUCCESS\" > \"${SCRIPT_OUTPUT_FILE_0}\"\n";
			showEnvVarsInLog = 0;
		};
		AC0969F9F7808FF8CCF4E6EA /* [CP] Embed Pods Frameworks */ = {
			isa = PBXShellScriptBuildPhase;
			buildActionMask = 2147483647;
			files = (
			);
			inputFileListPaths = (
				"${PODS_ROOT}/Target Support Files/Pods-SampleApp/Pods-SampleApp-frameworks-${CONFIGURATION}-input-files.xcfilelist",
			);
			name = "[CP] Embed Pods Frameworks";
			outputFileListPaths = (
				"${PODS_ROOT}/Target Support Files/Pods-SampleApp/Pods-SampleApp-frameworks-${CONFIGURATION}-output-files.xcfilelist",
			);
			runOnlyForDeploymentPostprocessing = 0;
			shellPath = /bin/sh;
			shellScript = "\"${PODS_ROOT}/Target Support Files/Pods-SampleApp/Pods-SampleApp-frameworks.sh\"\n";
			showEnvVarsInLog = 0;
		};
/* End PBXShellScriptBuildPhase section */

/* Begin PBXSourcesBuildPhase section */
		A33A8C0E2613DA79008A24BD /* Sources */ = {
			isa = PBXSourcesBuildPhase;
			buildActionMask = 2147483647;
			files = (
				A33A8C1A2613DA79008A24BD /* ViewController.swift in Sources */,
				A33A8C162613DA79008A24BD /* AppDelegate.swift in Sources */,
				A33A8C182613DA79008A24BD /* SceneDelegate.swift in Sources */,
			);
			runOnlyForDeploymentPostprocessing = 0;
		};
/* End PBXSourcesBuildPhase section */

/* Begin PBXVariantGroup section */
		A33A8C1B2613DA79008A24BD /* Main.storyboard */ = {
			isa = PBXVariantGroup;
			children = (
				A33A8C1C2613DA79008A24BD /* Base */,
			);
			name = Main.storyboard;
			sourceTree = "<group>";
		};
		A33A8C202613DA7A008A24BD /* LaunchScreen.storyboard */ = {
			isa = PBXVariantGroup;
			children = (
				A33A8C212613DA7A008A24BD /* Base */,
			);
			name = LaunchScreen.storyboard;
			sourceTree = "<group>";
		};
/* End PBXVariantGroup section */

/* Begin XCBuildConfiguration section */
		A33A8C242613DA7A008A24BD /* Debug */ = {
			isa = XCBuildConfiguration;
			buildSettings = {
				ALWAYS_SEARCH_USER_PATHS = NO;
				CLANG_ANALYZER_NONNULL = YES;
				CLANG_ANALYZER_NUMBER_OBJECT_CONVERSION = YES_AGGRESSIVE;
				CLANG_CXX_LANGUAGE_STANDARD = "gnu++14";
				CLANG_CXX_LIBRARY = "libc++";
				CLANG_ENABLE_MODULES = YES;
				CLANG_ENABLE_OBJC_ARC = YES;
				CLANG_ENABLE_OBJC_WEAK = YES;
				CLANG_WARN_BLOCK_CAPTURE_AUTORELEASING = YES;
				CLANG_WARN_BOOL_CONVERSION = YES;
				CLANG_WARN_COMMA = YES;
				CLANG_WARN_CONSTANT_CONVERSION = YES;
				CLANG_WARN_DEPRECATED_OBJC_IMPLEMENTATIONS = YES;
				CLANG_WARN_DIRECT_OBJC_ISA_USAGE = YES_ERROR;
				CLANG_WARN_DOCUMENTATION_COMMENTS = YES;
				CLANG_WARN_EMPTY_BODY = YES;
				CLANG_WARN_ENUM_CONVERSION = YES;
				CLANG_WARN_INFINITE_RECURSION = YES;
				CLANG_WARN_INT_CONVERSION = YES;
				CLANG_WARN_NON_LITERAL_NULL_CONVERSION = YES;
				CLANG_WARN_OBJC_IMPLICIT_RETAIN_SELF = YES;
				CLANG_WARN_OBJC_LITERAL_CONVERSION = YES;
				CLANG_WARN_OBJC_ROOT_CLASS = YES_ERROR;
				CLANG_WARN_QUOTED_INCLUDE_IN_FRAMEWORK_HEADER = YES;
				CLANG_WARN_RANGE_LOOP_ANALYSIS = YES;
				CLANG_WARN_STRICT_PROTOTYPES = YES;
				CLANG_WARN_SUSPICIOUS_MOVE = YES;
				CLANG_WARN_UNGUARDED_AVAILABILITY = YES_AGGRESSIVE;
				CLANG_WARN_UNREACHABLE_CODE = YES;
				CLANG_WARN__DUPLICATE_METHOD_MATCH = YES;
				COPY_PHASE_STRIP = NO;
				DEBUG_INFORMATION_FORMAT = dwarf;
				ENABLE_STRICT_OBJC_MSGSEND = YES;
				ENABLE_TESTABILITY = YES;
				GCC_C_LANGUAGE_STANDARD = gnu11;
				GCC_DYNAMIC_NO_PIC = NO;
				GCC_NO_COMMON_BLOCKS = YES;
				GCC_OPTIMIZATION_LEVEL = 0;
				GCC_PREPROCESSOR_DEFINITIONS = (
					"DEBUG=1",
					"$(inherited)",
				);
				GCC_WARN_64_TO_32_BIT_CONVERSION = YES;
				GCC_WARN_ABOUT_RETURN_TYPE = YES_ERROR;
				GCC_WARN_UNDECLARED_SELECTOR = YES;
				GCC_WARN_UNINITIALIZED_AUTOS = YES_AGGRESSIVE;
				GCC_WARN_UNUSED_FUNCTION = YES;
				GCC_WARN_UNUSED_VARIABLE = YES;
				IPHONEOS_DEPLOYMENT_TARGET = 13.0;
				MTL_ENABLE_DEBUG_INFO = INCLUDE_SOURCE;
				MTL_FAST_MATH = YES;
				ONLY_ACTIVE_ARCH = YES;
				SDKROOT = iphoneos;
				SWIFT_ACTIVE_COMPILATION_CONDITIONS = DEBUG;
				SWIFT_OPTIMIZATION_LEVEL = "-Onone";
			};
			name = Debug;
		};
		A33A8C252613DA7A008A24BD /* Release */ = {
			isa = XCBuildConfiguration;
			buildSettings = {
				ALWAYS_SEARCH_USER_PATHS = NO;
				CLANG_ANALYZER_NONNULL = YES;
				CLANG_ANALYZER_NUMBER_OBJECT_CONVERSION = YES_AGGRESSIVE;
				CLANG_CXX_LANGUAGE_STANDARD = "gnu++14";
				CLANG_CXX_LIBRARY = "libc++";
				CLANG_ENABLE_MODULES = YES;
				CLANG_ENABLE_OBJC_ARC = YES;
				CLANG_ENABLE_OBJC_WEAK = YES;
				CLANG_WARN_BLOCK_CAPTURE_AUTORELEASING = YES;
				CLANG_WARN_BOOL_CONVERSION = YES;
				CLANG_WARN_COMMA = YES;
				CLANG_WARN_CONSTANT_CONVERSION = YES;
				CLANG_WARN_DEPRECATED_OBJC_IMPLEMENTATIONS = YES;
				CLANG_WARN_DIRECT_OBJC_ISA_USAGE = YES_ERROR;
				CLANG_WARN_DOCUMENTATION_COMMENTS = YES;
				CLANG_WARN_EMPTY_BODY = YES;
				CLANG_WARN_ENUM_CONVERSION = YES;
				CLANG_WARN_INFINITE_RECURSION = YES;
				CLANG_WARN_INT_CONVERSION = YES;
				CLANG_WARN_NON_LITERAL_NULL_CONVERSION = YES;
				CLANG_WARN_OBJC_IMPLICIT_RETAIN_SELF = YES;
				CLANG_WARN_OBJC_LITERAL_CONVERSION = YES;
				CLANG_WARN_OBJC_ROOT_CLASS = YES_ERROR;
				CLANG_WARN_QUOTED_INCLUDE_IN_FRAMEWORK_HEADER = YES;
				CLANG_WARN_RANGE_LOOP_ANALYSIS = YES;
				CLANG_WARN_STRICT_PROTOTYPES = YES;
				CLANG_WARN_SUSPICIOUS_MOVE = YES;
				CLANG_WARN_UNGUARDED_AVAILABILITY = YES_AGGRESSIVE;
				CLANG_WARN_UNREACHABLE_CODE = YES;
				CLANG_WARN__DUPLICATE_METHOD_MATCH = YES;
				COPY_PHASE_STRIP = NO;
				DEBUG_INFORMATION_FORMAT = "dwarf-with-dsym";
				ENABLE_NS_ASSERTIONS = NO;
				ENABLE_STRICT_OBJC_MSGSEND = YES;
				GCC_C_LANGUAGE_STANDARD = gnu11;
				GCC_NO_COMMON_BLOCKS = YES;
				GCC_WARN_64_TO_32_BIT_CONVERSION = YES;
				GCC_WARN_ABOUT_RETURN_TYPE = YES_ERROR;
				GCC_WARN_UNDECLARED_SELECTOR = YES;
				GCC_WARN_UNINITIALIZED_AUTOS = YES_AGGRESSIVE;
				GCC_WARN_UNUSED_FUNCTION = YES;
				GCC_WARN_UNUSED_VARIABLE = YES;
				IPHONEOS_DEPLOYMENT_TARGET = 13.0;
				MTL_ENABLE_DEBUG_INFO = NO;
				MTL_FAST_MATH = YES;
				SDKROOT = iphoneos;
				SWIFT_COMPILATION_MODE = wholemodule;
				SWIFT_OPTIMIZATION_LEVEL = "-O";
				VALIDATE_PRODUCT = YES;
			};
			name = Release;
		};
		A33A8C272613DA7A008A24BD /* Debug */ = {
			isa = XCBuildConfiguration;
			baseConfigurationReference = E89DB6BA20F7EC6C61F51CB5 /* Pods-SampleApp.debug.xcconfig */;
			buildSettings = {
				ASSETCATALOG_COMPILER_APPICON_NAME = AppIcon;
				ASSETCATALOG_COMPILER_GLOBAL_ACCENT_COLOR_NAME = AccentColor;
				CODE_SIGN_STYLE = Automatic;
				DEVELOPMENT_TEAM = 8WR34U3BMB;
				INFOPLIST_FILE = SampleApp/Info.plist;
				IPHONEOS_DEPLOYMENT_TARGET = 13.0;
				LD_RUNPATH_SEARCH_PATHS = (
					"$(inherited)",
					"@executable_path/Frameworks",
				);
				PRODUCT_BUNDLE_IDENTIFIER = com.luechen.SampleApp;
				PRODUCT_NAME = "$(TARGET_NAME)";
				SWIFT_VERSION = 5.0;
				TARGETED_DEVICE_FAMILY = "1,2";
				VALIDATE_WORKSPACE = NO;
			};
			name = Debug;
		};
		A33A8C282613DA7A008A24BD /* Release */ = {
			isa = XCBuildConfiguration;
			baseConfigurationReference = E29017276E9FA748C4CEBDD3 /* Pods-SampleApp.release.xcconfig */;
			buildSettings = {
				ASSETCATALOG_COMPILER_APPICON_NAME = AppIcon;
				ASSETCATALOG_COMPILER_GLOBAL_ACCENT_COLOR_NAME = AccentColor;
				CODE_SIGN_STYLE = Automatic;
				DEVELOPMENT_TEAM = 8WR34U3BMB;
				INFOPLIST_FILE = SampleApp/Info.plist;
				IPHONEOS_DEPLOYMENT_TARGET = 13.0;
				LD_RUNPATH_SEARCH_PATHS = (
					"$(inherited)",
					"@executable_path/Frameworks",
				);
				PRODUCT_BUNDLE_IDENTIFIER = com.luechen.SampleApp;
				PRODUCT_NAME = "$(TARGET_NAME)";
				SWIFT_VERSION = 5.0;
				TARGETED_DEVICE_FAMILY = "1,2";
				VALIDATE_WORKSPACE = NO;
			};
			name = Release;
		};
/* End XCBuildConfiguration section */

/* Begin XCConfigurationList section */
		A33A8C0D2613DA79008A24BD /* Build configuration list for PBXProject "SampleApp" */ = {
			isa = XCConfigurationList;
			buildConfigurations = (
				A33A8C242613DA7A008A24BD /* Debug */,
				A33A8C252613DA7A008A24BD /* Release */,
			);
			defaultConfigurationIsVisible = 0;
			defaultConfigurationName = Release;
		};
		A33A8C262613DA7A008A24BD /* Build configuration list for PBXNativeTarget "SampleApp" */ = {
			isa = XCConfigurationList;
			buildConfigurations = (
				A33A8C272613DA7A008A24BD /* Debug */,
				A33A8C282613DA7A008A24BD /* Release */,
			);
			defaultConfigurationIsVisible = 0;
			defaultConfigurationName = Release;
		};
/* End XCConfigurationList section */
	};
	rootObject = A33A8C0A2613DA79008A24BD /* Project object */;
}
